Microsoft Visual Studio Solution File, Format Version 12.00
# Visual Studio 2012
Project("{FAE04EC0-301F-11D3-BF4B-00C04F79EFBC}") = "thunder", "thunder.csproj", "{C49596EC-E070-4435-8080-03A982B3A6BB}"
EndProject
Global
	GlobalSection(SolutionConfigurationPlatforms) = preSolution
	Debug|Any CPU = Debug|Any CPU
	ExportDebug|Any CPU = ExportDebug|Any CPU
	ExportRelease|Any CPU = ExportRelease|Any CPU
	EndGlobalSection
	GlobalSection(ProjectConfigurationPlatforms) = postSolution
		{C49596EC-E070-4435-8080-03A982B3A6BB}.Debug|Any CPU.ActiveCfg = Debug|Any CPU
		{C49596EC-E070-4435-8080-03A982B3A6BB}.Debug|Any CPU.Build.0 = Debug|Any CPU
		{C49596EC-E070-4435-8080-03A982B3A6BB}.ExportDebug|Any CPU.ActiveCfg = ExportDebug|Any CPU
		{C49596EC-E070-4435-8080-03A982B3A6BB}.ExportDebug|Any CPU.Build.0 = ExportDebug|Any CPU
		{C49596EC-E070-4435-8080-03A982B3A6BB}.ExportRelease|Any CPU.ActiveCfg = ExportRelease|Any CPU
		{C49596EC-E070-4435-8080-03A982B3A6BB}.ExportRelease|Any CPU.Build.0 = ExportRelease|Any CPU
	EndGlobalSection
EndGlobal
